// !$*UTF8*$!
{
	archiveVersion = 1;
	classes = {
	};
	objectVersion = 50;
	objects = {

/* Begin PBXBuildFile section */
		13F2C0802454490F00B71C2A /* AppDelegate.swift in Sources */ = {isa = PBXBuildFile; fileRef = 13F2C07F2454490F00B71C2A /* AppDelegate.swift */; };
		13F2C0822454490F00B71C2A /* SceneDelegate.swift in Sources */ = {isa = PBXBuildFile; fileRef = 13F2C0812454490F00B71C2A /* SceneDelegate.swift */; };
		13F2C0842454490F00B71C2A /* ContentView.swift in Sources */ = {isa = PBXBuildFile; fileRef = 13F2C0832454490F00B71C2A /* ContentView.swift */; };
		13F2C0862454491500B71C2A /* Assets.xcassets in Resources */ = {isa = PBXBuildFile; fileRef = 13F2C0852454491500B71C2A /* Assets.xcassets */; };
		13F2C0892454491500B71C2A /* Preview Assets.xcassets in Resources */ = {isa = PBXBuildFile; fileRef = 13F2C0882454491500B71C2A /* Preview Assets.xcassets */; };
		13F2C08C2454491500B71C2A /* LaunchScreen.storyboard in Resources */ = {isa = PBXBuildFile; fileRef = 13F2C08A2454491500B71C2A /* LaunchScreen.storyboard */; };
		13F2C09424561E9C00B71C2A /* Extensions.swift in Sources */ = {isa = PBXBuildFile; fileRef = 13F2C09324561E9B00B71C2A /* Extensions.swift */; };
/* End PBXBuildFile section */

/* Begin PBXFileReference section */
		13F2C07C2454490F00B71C2A /* neumorphicButtons.app */ = {isa = PBXFileReference; explicitFileType = wrapper.application; includeInIndex = 0; path = neumorphicButtons.app; sourceTree = BUILT_PRODUCTS_DIR; };
		13F2C07F2454490F00B71C2A /* AppDelegate.swift */ = {isa = PBXFileReference; lastKnownFileType = sourcecode.swift; path = AppDelegate.swift; sourceTree = "<group>"; };
		13F2C0812454490F00B71C2A /* SceneDelegate.swift */ = {isa = PBXFileReference; lastKnownFileType = sourcecode.swift; path = SceneDelegate.swift; sourceTree = "<group>"; };
		13F2C0832454490F00B71C2A /* ContentView.swift */ = {isa = PBXFileReference; lastKnownFileType = sourcecode.swift; path = ContentView.swift; sourceTree = "<group>"; };
		13F2C0852454491500B71C2A /* Assets.xcassets */ = {isa = PBXFileReference; lastKnownFileType = folder.assetcatalog; path = Assets.xcassets; sourceTree = "<group>"; };
		13F2C0882454491500B71C2A /* Preview Assets.xcassets */ = {isa = PBXFileReference; lastKnownFileType = folder.assetcatalog; path = "Preview Assets.xcassets"; sourceTree = "<group>"; };
		13F2C08B2454491500B71C2A /* Base */ = {isa = PBXFileReference; lastKnownFileType = file.storyboard; name = Base; path = Base.lproj/LaunchScreen.storyboard; sourceTree = "<group>"; };
		13F2C08D2454491500B71C2A /* Info.plist */ = {isa = PBXFileReference; lastKnownFileType = text.plist.xml; path = Info.plist; sourceTree = "<group>"; };
		13F2C09324561E9B00B71C2A /* Extensions.swift */ = {isa = PBXFileReference; lastKnownFileType = sourcecode.swift; path = Extensions.swift; sourceTree = "<group>"; };
/* End PBXFileReference section */

/* Begin PBXFrameworksBuildPhase section */
		13F2C0792454490F00B71C2A /* Frameworks */ = {
			isa = PBXFrameworksBuildPhase;
			buildActionMask = 2147483647;
			files = (
			);
			runOnlyForDeploymentPostprocessing = 0;
		};
/* End PBXFrameworksBuildPhase section */

/* Begin PBXGroup section */
		13F2C0732454490F00B71C2A = {
			isa = PBXGroup;
			children = (
				13F2C07E2454490F00B71C2A /* neumorphicButtons */,
				13F2C07D2454490F00B71C2A /* Products */,
			);
			sourceTree = "<group>";
		};
		13F2C07D2454490F00B71C2A /* Products */ = {
			isa = PBXGroup;
			children = (
				13F2C07C2454490F00B71C2A /* neumorphicButtons.app */,
			);
			name = Products;
			sourceTree = "<group>";
		};
		13F2C07E2454490F00B71C2A /* neumorphicButtons */ = {
			isa = PBXGroup;
			children = (
				13F2C07F2454490F00B71C2A /* AppDelegate.swift */,
				13F2C0812454490F00B71C2A /* SceneDelegate.swift */,
				13F2C0832454490F00B71C2A /* ContentView.swift */,
				13F2C0852454491500B71C2A /* Assets.xcassets */,
				13F2C08A2454491500B71C2A /* LaunchScreen.storyboard */,
				13F2C08D2454491500B71C2A /* Info.plist */,
				13F2C0872454491500B71C2A /* Preview Content */,
				13F2C09324561E9B00B71C2A /* Extensions.swift */,
			);
			path = neumorphicButtons;
			sourceTree = "<group>";
		};
		13F2C0872454491500B71C2A /* Preview Content */ = {
			isa = PBXGroup;
			children = (
				13F2C0882454491500B71C2A /* Preview Assets.xcassets */,
			);
			path = "Preview Content";
			sourceTree = "<group>";
		};
/* End PBXGroup section */

/* Begin PBXNativeTarget section */
		13F2C07B2454490F00B71C2A /* neumorphicButtons */ = {
			isa = PBXNativeTarget;
			buildConfigurationList = 13F2C0902454491500B71C2A /* Build configuration list for PBXNativeTarget "neumorphicButtons" */;
			buildPhases = (
				13F2C0782454490F00B71C2A /* Sources */,
				13F2C0792454490F00B71C2A /* Frameworks */,
				13F2C07A2454490F00B71C2A /* Resources */,
			);
			buildRules = (
			);
			dependencies = (
			);
			name = neumorphicButtons;
			productName = neumorphicButtons;
			productReference = 13F2C07C2454490F00B71C2A /* neumorphicButtons.app */;
			productType = "com.apple.product-type.application";
		};
/* End PBXNativeTarget section */

/* Begin PBXProject section */
		13F2C0742454490F00B71C2A /* Project object */ = {
			isa = PBXProject;
			attributes = {
				LastSwiftUpdateCheck = 1120;
				LastUpgradeCheck = 1120;
				ORGANIZATIONNAME = AbrahamCalvillo;
				TargetAttributes = {
					13F2C07B2454490F00B71C2A = {
						CreatedOnToolsVersion = 11.2.1;
					};
				};
			};
			buildConfigurationList = 13F2C0772454490F00B71C2A /* Build configuration list for PBXProject "neumorphicButtons" */;
			compatibilityVersion = "Xcode 9.3";
			developmentRegion = en;
			hasScannedForEncodings = 0;
			knownRegions = (
				en,
				Base,
			);
			mainGroup = 13F2C0732454490F00B71C2A;
			productRefGroup = 13F2C07D2454490F00B71C2A /* Products */;
			projectDirPath = "";
			projectRoot = "";
			targets = (
				13F2C07B2454490F00B71C2A /* neumorphicButtons */,
			);
		};
/* End PBXProject section */

/* Begin PBXResourcesBuildPhase section */
		13F2C07A2454490F00B71C2A /* Resources */ = {
			isa = PBXResourcesBuildPhase;
			buildActionMask = 2147483647;
			files = (
				13F2C08C2454491500B71C2A /* LaunchScreen.storyboard in Resources */,
				13F2C0892454491500B71C2A /* Preview Assets.xcassets in Resources */,
				13F2C0862454491500B71C2A /* Assets.xcassets in Resources */,
			);
			runOnlyForDeploymentPostprocessing = 0;
		};
/* End PBXResourcesBuildPhase section */

/* Begin PBXSourcesBuildPhase section */
		13F2C0782454490F00B71C2A /* Sources */ = {
			isa = PBXSourcesBuildPhase;
			buildActionMask = 2147483647;
			files = (
				13F2C0802454490F00B71C2A /* AppDelegate.swift in Sources */,
				13F2C0822454490F00B71C2A /* SceneDelegate.swift in Sources */,
				13F2C0842454490F00B71C2A /* ContentView.swift in Sources */,
				13F2C09424561E9C00B71C2A /* Extensions.swift in Sources */,
			);
			runOnlyForDeploymentPostprocessing = 0;
		};
/* End PBXSourcesBuildPhase section */

/* Begin PBXVariantGroup section */
		13F2C08A2454491500B71C2A /* LaunchScreen.storyboard */ = {
			isa = PBXVariantGroup;
			children = (
				13F2C08B2454491500B71C2A /* Base */,
			);
			name = LaunchScreen.storyboard;
			sourceTree = "<group>";
		};
/* End PBXVariantGroup section */

/* Begin XCBuildConfiguration section */
		13F2C08E2454491500B71C2A /* Debug */ = {
			isa = XCBuildConfiguration;
			buildSettings = {
				ALWAYS_SEARCH_USER_PATHS = NO;
				CLANG_ANALYZER_NONNULL = YES;
				CLANG_ANALYZER_NUMBER_OBJECT_CONVERSION = YES_AGGRESSIVE;
				CLANG_CXX_LANGUAGE_STANDARD = "gnu++14";
				CLANG_CXX_LIBRARY = "libc++";
				CLANG_ENABLE_MODULES = YES;
				CLANG_ENABLE_OBJC_ARC = YES;
				CLANG_ENABLE_OBJC_WEAK = YES;
				CLANG_WARN_BLOCK_CAPTURE_AUTORELEASING = YES;
				CLANG_WARN_BOOL_CONVERSION = YES;
				CLANG_WARN_COMMA = YES;
				CLANG_WARN_CONSTANT_CONVERSION = YES;
				CLANG_WARN_DEPRECATED_OBJC_IMPLEMENTATIONS = YES;
				CLANG_WARN_DIRECT_OBJC_ISA_USAGE = YES_ERROR;
				CLANG_WARN_DOCUMENTATION_COMMENTS = YES;
				CLANG_WARN_EMPTY_BODY = YES;
				CLANG_WARN_ENUM_CONVERSION = YES;
				CLANG_WARN_INFINITE_RECURSION = YES;
				CLANG_WARN_INT_CONVERSION = YES;
				CLANG_WARN_NON_LITERAL_NULL_CONVERSION = YES;
				CLANG_WARN_OBJC_IMPLICIT_RETAIN_SELF = YES;
				CLANG_WARN_OBJC_LITERAL_CONVERSION = YES;
				CLANG_WARN_OBJC_ROOT_CLASS = YES_ERROR;
				CLANG_WARN_RANGE_LOOP_ANALYSIS = YES;
				CLANG_WARN_STRICT_PROTOTYPES = YES;
				CLANG_WARN_SUSPICIOUS_MOVE = YES;
				CLANG_WARN_UNGUARDED_AVAILABILITY = YES_AGGRESSIVE;
				CLANG_WARN_UNREACHABLE_CODE = YES;
				CLANG_WARN__DUPLICATE_METHOD_MATCH = YES;
				COPY_PHASE_STRIP = NO;
				DEBUG_INFORMATION_FORMAT = dwarf;
				ENABLE_STRICT_OBJC_MSGSEND = YES;
				ENABLE_TESTABILITY = YES;
				GCC_C_LANGUAGE_STANDARD = gnu11;
				GCC_DYNAMIC_NO_PIC = NO;
				GCC_NO_COMMON_BLOCKS = YES;
				GCC_OPTIMIZATION_LEVEL = 0;
				GCC_PREPROCESSOR_DEFINITIONS = (
					"DEBUG=1",
					"$(inherited)",
				);
				GCC_WARN_64_TO_32_BIT_CONVERSION = YES;
				GCC_WARN_ABOUT_RETURN_TYPE = YES_ERROR;
				GCC_WARN_UNDECLARED_SELECTOR = YES;
				GCC_WARN_UNINITIALIZED_AUTOS = YES_AGGRESSIVE;
				GCC_WARN_UNUSED_FUNCTION = YES;
				GCC_WARN_UNUSED_VARIABLE = YES;
				IPHONEOS_DEPLOYMENT_TARGET = 13.2;
				MTL_ENABLE_DEBUG_INFO = INCLUDE_SOURCE;
				MTL_FAST_MATH = YES;
				ONLY_ACTIVE_ARCH = YES;
				SDKROOT = iphoneos;
				SWIFT_ACTIVE_COMPILATION_CONDITIONS = DEBUG;
				SWIFT_OPTIMIZATION_LEVEL = "-Onone";
			};
			name = Debug;
		};
		13F2C08F2454491500B71C2A /* Release */ = {
			isa = XCBuildConfiguration;
			buildSettings = {
				ALWAYS_SEARCH_USER_PATHS = NO;
				CLANG_ANALYZER_NONNULL = YES;
				CLANG_ANALYZER_NUMBER_OBJECT_CONVERSION = YES_AGGRESSIVE;
				CLANG_CXX_LANGUAGE_STANDARD = "gnu++14";
				CLANG_CXX_LIBRARY = "libc++";
				CLANG_ENABLE_MODULES = YES;
				CLANG_ENABLE_OBJC_ARC = YES;
				CLANG_ENABLE_OBJC_WEAK = YES;
				CLANG_WARN_BLOCK_CAPTURE_AUTORELEASING = YES;
				CLANG_WARN_BOOL_CONVERSION = YES;
				CLANG_WARN_COMMA = YES;
				CLANG_WARN_CONSTANT_CONVERSION = YES;
				CLANG_WARN_DEPRECATED_OBJC_IMPLEMENTATIONS = YES;
				CLANG_WARN_DIRECT_OBJC_ISA_USAGE = YES_ERROR;
				CLANG_WARN_DOCUMENTATION_COMMENTS = YES;
				CLANG_WARN_EMPTY_BODY = YES;
				CLANG_WARN_ENUM_CONVERSION = YES;
				CLANG_WARN_INFINITE_RECURSION = YES;
				CLANG_WARN_INT_CONVERSION = YES;
				CLANG_WARN_NON_LITERAL_NULL_CONVERSION = YES;
				CLANG_WARN_OBJC_IMPLICIT_RETAIN_SELF = YES;
				CLANG_WARN_OBJC_LITERAL_CONVERSION = YES;
				CLANG_WARN_OBJC_ROOT_CLASS = YES_ERROR;
				CLANG_WARN_RANGE_LOOP_ANALYSIS = YES;
				CLANG_WARN_STRICT_PROTOTYPES = YES;
				CLANG_WARN_SUSPICIOUS_MOVE = YES;
				CLANG_WARN_UNGUARDED_AVAILABILITY = YES_AGGRESSIVE;
				CLANG_WARN_UNREACHABLE_CODE = YES;
				CLANG_WARN__DUPLICATE_METHOD_MATCH = YES;
				COPY_PHASE_STRIP = NO;
				DEBUG_INFORMATION_FORMAT = "dwarf-with-dsym";
				ENABLE_NS_ASSERTIONS = NO;
				ENABLE_STRICT_OBJC_MSGSEND = YES;
				GCC_C_LANGUAGE_STANDARD = gnu11;
				GCC_NO_COMMON_BLOCKS = YES;
				GCC_WARN_64_TO_32_BIT_CONVERSION = YES;
				GCC_WARN_ABOUT_RETURN_TYPE = YES_ERROR;
				GCC_WARN_UNDECLARED_SELECTOR = YES;
				GCC_WARN_UNINITIALIZED_AUTOS = YES_AGGRESSIVE;
				GCC_WARN_UNUSED_FUNCTION = YES;
				GCC_WARN_UNUSED_VARIABLE = YES;
				IPHONEOS_DEPLOYMENT_TARGET = 13.2;
				MTL_ENABLE_DEBUG_INFO = NO;
				MTL_FAST_MATH = YES;
				SDKROOT = iphoneos;
				SWIFT_COMPILATION_MODE = wholemodule;
				SWIFT_OPTIMIZATION_LEVEL = "-O";
				VALIDATE_PRODUCT = YES;
			};
			name = Release;
		};
		13F2C0912454491500B71C2A /* Debug */ = {
			isa = XCBuildConfiguration;
			buildSettings = {
				ASSETCATALOG_COMPILER_APPICON_NAME = AppIcon;
				CODE_SIGN_STYLE = Automatic;
				DEVELOPMENT_ASSET_PATHS = "\"neumorphicButtons/Preview Content\"";
				DEVELOPMENT_TEAM = 4YS5KGPXS7;
				ENABLE_PREVIEWS = YES;
				INFOPLIST_FILE = neumorphicButtons/Info.plist;
				LD_RUNPATH_SEARCH_PATHS = (
					"$(inherited)",
					"@executable_path/Frameworks",
				);
				PRODUCT_BUNDLE_IDENTIFIER = com.abrahamcalvillo.neumorphicButtons;
				PRODUCT_NAME = "$(TARGET_NAME)";
				SWIFT_VERSION = 5.0;
				TARGETED_DEVICE_FAMILY = "1,2";
			};
			name = Debug;
		};
		13F2C0922454491500B71C2A /* Release */ = {
			isa = XCBuildConfiguration;
			buildSettings = {
				ASSETCATALOG_COMPILER_APPICON_NAME = AppIcon;
				CODE_SIGN_STYLE = Automatic;
				DEVELOPMENT_ASSET_PATHS = "\"neumorphicButtons/Preview Content\"";
				DEVELOPMENT_TEAM = 4YS5KGPXS7;
				ENABLE_PREVIEWS = YES;
				INFOPLIST_FILE = neumorphicButtons/Info.plist;
				LD_RUNPATH_SEARCH_PATHS = (
					"$(inherited)",
					"@executable_path/Frameworks",
				);
				PRODUCT_BUNDLE_IDENTIFIER = com.abrahamcalvillo.neumorphicButtons;
				PRODUCT_NAME = "$(TARGET_NAME)";
				SWIFT_VERSION = 5.0;
				TARGETED_DEVICE_FAMILY = "1,2";
			};
			name = Release;
		};
/* End XCBuildConfiguration section */

/* Begin XCConfigurationList section */
		13F2C0772454490F00B71C2A /* Build configuration list for PBXProject "neumorphicButtons" */ = {
			isa = XCConfigurationList;
			buildConfigurations = (
				13F2C08E2454491500B71C2A /* Debug */,
				13F2C08F2454491500B71C2A /* Release */,
			);
			defaultConfigurationIsVisible = 0;
			defaultConfigurationName = Release;
		};
		13F2C0902454491500B71C2A /* Build configuration list for PBXNativeTarget "neumorphicButtons" */ = {
			isa = XCConfigurationList;
			buildConfigurations = (
				13F2C0912454491500B71C2A /* Debug */,
				13F2C0922454491500B71C2A /* Release */,
			);
			defaultConfigurationIsVisible = 0;
			defaultConfigurationName = Release;
		};
/* End XCConfigurationList section */
	};
	rootObject = 13F2C0742454490F00B71C2A /* Project object */;
}
